<?xml version="1.0" encoding="utf-8"?>
<Project ToolsVersion="4.0" xmlns="http://schemas.microsoft.com/developer/msbuild/2003">
  <ItemGroup>
    <ClInclude Include="MainScript.hpp" />
    <ClInclude Include="Common.hpp">
      <Filter>Utility</Filter>
    </ClInclude>
    <ClInclude Include="Crossmap.hpp">
      <Filter>Rage</Filter>
    </ClInclude>
    <ClInclude Include="D3DRenderer.hpp">
      <Filter>Overlay</Filter>
    </ClInclude>
    <ClInclude Include="Game.hpp">
      <Filter>Detour</Filter>
    </ClInclude>
    <ClInclude Include="Hooking.hpp">
      <Filter>Detour</Filter>
    </ClInclude>
    <ClInclude Include="ImGui\imconfig.h">
      <Filter>Overlay\ImGui</Filter>
    </ClInclude>
    <ClInclude Include="ImGui\imgui.h">
      <Filter>Overlay\ImGui</Filter>
    </ClInclude>
    <ClInclude Include="ImGui\imgui_impl_dx11.h">
      <Filter>Overlay\ImGui</Filter>
    </ClInclude>
    <ClInclude Include="ImGui\imgui_impl_win32.h">
      <Filter>Overlay\ImGui</Filter>
    </ClInclude>
    <ClInclude Include="ImGui\imgui_internal.h">
      <Filter>Overlay\ImGui</Filter>
    </ClInclude>
    <ClInclude Include="ImGui\imstb_rectpack.h">
      <Filter>Overlay\ImGui</Filter>
    </ClInclude>
    <ClInclude Include="ImGui\imstb_textedit.h">
      <Filter>Overlay\ImGui</Filter>
    </ClInclude>
    <ClInclude Include="ImGui\imstb_truetype.h">
      <Filter>Overlay\ImGui</Filter>
    </ClInclude>
    <ClInclude Include="Invoker.hpp">
      <Filter>Rage</Filter>
    </ClInclude>
    <ClInclude Include="Lists.hpp">
      <Filter>Utility</Filter>
    </ClInclude>
    <ClInclude Include="Logger.hpp">
      <Filter>Utility\Log</Filter>
    </ClInclude>
    <ClInclude Include="LogScript.hpp">
      <Filter>Utility\Log</Filter>
    </ClInclude>
    <ClInclude Include="Memory.hpp">
      <Filter>Utility</Filter>
    </ClInclude>
    <ClInclude Include="Natives.hpp">
      <Filter>Rage</Filter>
    </ClInclude>
    <ClInclude Include="Util.hpp">
      <Filter>Utility</Filter>
    </ClInclude>
    <ClInclude Include="VMTHook.hpp">
      <Filter>Detour</Filter>
    </ClInclude>
    <ClInclude Include="Types.hpp">
      <Filter>Utility</Filter>
    </ClInclude>
    <ClInclude Include="Script.hpp">
      <Filter>Utility\Scripts</Filter>
    </ClInclude>
    <ClInclude Include="ScriptManager.hpp">
      <Filter>Utility\Scripts</Filter>
    </ClInclude>
    <ClInclude Include="ScriptCallback.hpp">
      <Filter>Utility\Scripts</Filter>
    </ClInclude>
    <ClInclude Include="ScriptGlobal.hpp">
      <Filter>Utility\Scripts</Filter>
    </ClInclude>
    <ClInclude Include="CustomText.hpp">
      <Filter>UI\More</Filter>
    </ClInclude>
    <ClInclude Include="Timer.hpp">
      <Filter>UI\More</Filter>
    </ClInclude>
    <ClInclude Include="UI\TextBox.hpp">
      <Filter>UI\More</Filter>
    </ClInclude>
    <ClInclude Include="Translation.hpp">
      <Filter>UI\More</Filter>
    </ClInclude>
    <ClInclude Include="UI\UIManager.hpp">
      <Filter>UI</Filter>
    </ClInclude>
    <ClInclude Include="Settings.hpp">
      <Filter>UI</Filter>
    </ClInclude>
    <ClInclude Include="Fiberscript.hpp">
      <Filter>Utility\Scripts</Filter>
    </ClInclude>
    <ClInclude Include="MemoryEdit.hpp">
      <Filter>Rage</Filter>
    </ClInclude>
    <ClInclude Include="Discord\Discord_Register.h">
      <Filter>Discord</Filter>
    </ClInclude>
    <ClInclude Include="Discord\Discord_RPC.h">
      <Filter>Discord</Filter>
    </ClInclude>
    <ClInclude Include="Discord\DiscordHandler.hpp">
      <Filter>Discord</Filter>
    </ClInclude>
    <ClInclude Include="Classes.hpp">
      <Filter>Utility</Filter>
    </ClInclude>
    <ClInclude Include="obfuscator.h">
      <Filter>Rage</Filter>
    </ClInclude>
    <ClInclude Include="meta_random.h">
      <Filter>Rage</Filter>
    </ClInclude>
    <ClInclude Include="submenu.hpp" />
    <ClInclude Include="Self.hpp">
      <Filter>Features</Filter>
    </ClInclude>
    <ClInclude Include="UI\BaseSubmenu.hpp">
      <Filter>UI\More\submenu</Filter>
    </ClInclude>
    <ClInclude Include="UI\AbstractSubmenu.hpp">
      <Filter>UI\More\submenu</Filter>
    </ClInclude>
    <ClInclude Include="UI\RegularSubmenu.hpp">
      <Filter>UI\More\submenu</Filter>
    </ClInclude>
    <ClInclude Include="UI\PlayerSubmenu.hpp">
      <Filter>UI\More\submenu</Filter>
    </ClInclude>
    <ClInclude Include="UI\AbstractOption.hpp">
      <Filter>UI\More\option</Filter>
    </ClInclude>
    <ClInclude Include="UI\BaseOption.hpp">
      <Filter>UI\More\option</Filter>
    </ClInclude>
    <ClInclude Include="UI\BoolOption.hpp">
      <Filter>UI\More\option</Filter>
    </ClInclude>
    <ClInclude Include="BreakOption.hpp">
      <Filter>UI\More\option</Filter>
    </ClInclude>
    <ClInclude Include="UI\ChooseOption.hpp">
      <Filter>UI\More\option</Filter>
    </ClInclude>
    <ClInclude Include="UI\NumberOption.hpp">
      <Filter>UI\More\option</Filter>
    </ClInclude>
    <ClInclude Include="UI\RegularOption.hpp">
      <Filter>UI\More\option</Filter>
    </ClInclude>
    <ClInclude Include="UI\SubOption.hpp">
      <Filter>UI\More\option</Filter>
    </ClInclude>
  </ItemGroup>
  <ItemGroup>
    <ClCompile Include="Main.cpp" />
    <ClCompile Include="MainScript.cpp" />
    <ClCompile Include="Common.cpp">
      <Filter>Utility</Filter>
    </ClCompile>
    <ClCompile Include="D3DRenderer.cpp">
      <Filter>Overlay</Filter>
    </ClCompile>
    <ClCompile Include="Game.cpp">
      <Filter>Detour</Filter>
    </ClCompile>
    <ClCompile Include="Hooking.cpp">
      <Filter>Detour</Filter>
    </ClCompile>
    <ClCompile Include="ImGui\imgui.cpp">
      <Filter>Overlay\ImGui</Filter>
    </ClCompile>
    <ClCompile Include="ImGui\imgui_demo.cpp">
      <Filter>Overlay\ImGui</Filter>
    </ClCompile>
    <ClCompile Include="ImGui\imgui_draw.cpp">
      <Filter>Overlay\ImGui</Filter>
    </ClCompile>
    <ClCompile Include="ImGui\imgui_impl_dx11.cpp">
      <Filter>Overlay\ImGui</Filter>
    </ClCompile>
    <ClCompile Include="ImGui\imgui_impl_win32.cpp">
      <Filter>Overlay\ImGui</Filter>
    </ClCompile>
    <ClCompile Include="ImGui\imgui_widgets.cpp">
      <Filter>Overlay\ImGui</Filter>
    </ClCompile>
    <ClCompile Include="Logger.cpp">
      <Filter>Utility\Log</Filter>
    </ClCompile>
    <ClCompile Include="LogScript.cpp">
      <Filter>Utility\Log</Filter>
    </ClCompile>
    <ClCompile Include="ScriptCallback.cpp">
      <Filter>Utility\Scripts</Filter>
    </ClCompile>
    <ClCompile Include="ScriptManager.cpp">
      <Filter>Utility\Scripts</Filter>
    </ClCompile>
    <ClCompile Include="CustomText.cpp">
      <Filter>UI\More</Filter>
    </ClCompile>
    <ClCompile Include="FiberScripts.cpp">
      <Filter>Utility\Scripts</Filter>
    </ClCompile>
    <ClCompile Include="MemoryEdit.cpp">
      <Filter>Rage</Filter>
    </ClCompile>
    <ClCompile Include="UI\UIManager.cpp">
      <Filter>UI</Filter>
    </ClCompile>
    <ClCompile Include="Discord\Discord.cpp">
      <Filter>Discord</Filter>
    </ClCompile>
    <ClCompile Include="Self.cpp">
      <Filter>Features</Filter>
    </ClCompile>
  </ItemGroup>
  <ItemGroup>
    <Filter Include="UI">
      <UniqueIdentifier>{80f747ee-64ba-4509-ad08-67cc99b16d81}</UniqueIdentifier>
    </Filter>
    <Filter Include="Rage">
      <UniqueIdentifier>{64e00440-24e3-4941-b4e7-7c3fd69012f2}</UniqueIdentifier>
    </Filter>
    <Filter Include="Detour">
      <UniqueIdentifier>{311ecbd6-9a9a-4ef2-9421-f012eceb8c0e}</UniqueIdentifier>
    </Filter>
    <Filter Include="Utility">
      <UniqueIdentifier>{cf6598f8-5cde-4399-98a7-15e2bbeb44f3}</UniqueIdentifier>
    </Filter>
    <Filter Include="Overlay">
      <UniqueIdentifier>{07fd3a2e-f22e-4869-86fa-4396c24ab4cc}</UniqueIdentifier>
    </Filter>
    <Filter Include="Overlay\ImGui">
      <UniqueIdentifier>{65bb1587-c906-4879-b3b4-c1632eccba0c}</UniqueIdentifier>
    </Filter>
    <Filter Include="Utility\Log">
      <UniqueIdentifier>{429e8e93-7dca-4c57-a44d-18be12f1bdee}</UniqueIdentifier>
    </Filter>
    <Filter Include="Utility\Scripts">
      <UniqueIdentifier>{a87bf61a-bf02-4a80-99f8-4a3bf376f9b6}</UniqueIdentifier>
    </Filter>
    <Filter Include="UI\More">
      <UniqueIdentifier>{d29b3bbc-495f-4d8f-8590-a4179f08b765}</UniqueIdentifier>
    </Filter>
    <Filter Include="Discord">
      <UniqueIdentifier>{ac6874f1-463f-4835-ab89-e679269a583b}</UniqueIdentifier>
    </Filter>
    <Filter Include="Features">
      <UniqueIdentifier>{cb71b82e-6ee6-45bf-bb4b-205d745be494}</UniqueIdentifier>
    </Filter>
    <Filter Include="UI\More\submenu">
      <UniqueIdentifier>{e43c54d4-4418-4be2-9473-a5da97010c9f}</UniqueIdentifier>
    </Filter>
    <Filter Include="UI\More\option">
      <UniqueIdentifier>{42275d70-c410-4981-baaf-966f16819030}</UniqueIdentifier>
    </Filter>
  </ItemGroup>
  <ItemGroup>
    <MASM Include="ReturnSpoof.asm">
      <Filter>Rage</Filter>
    </MASM>
  </ItemGroup>
</Project>